
Microsoft Visual Studio Solution File, Format Version 12.00
# Visual Studio Version 17
VisualStudioVersion = 17.9.34902.65
MinimumVisualStudioVersion = 10.0.40219.1
Project("{FAE04EC0-301F-11D3-BF4B-00C04F79EFBC}") = "PurchaseOrder", "PurchaseOrder\PurchaseOrder.csproj", "{12A61508-0D25-40A5-8D46-FC2DEBB7F6B0}"
EndProject
Global
	GlobalSection(SolutionConfigurationPlatforms) = preSolution
		Debug|Any CPU = Debug|Any CPU
		Release|Any CPU = Release|Any CPU
	EndGlobalSection
	GlobalSection(ProjectConfigurationPlatforms) = postSolution
		{12A61508-0D25-40A5-8D46-FC2DEBB7F6B0}.Debug|Any CPU.ActiveCfg = Debug|Any CPU
		{12A61508-0D25-40A5-8D46-FC2DEBB7F6B0}.Debug|Any CPU.Build.0 = Debug|Any CPU
		{12A61508-0D25-40A5-8D46-FC2DEBB7F6B0}.Release|Any CPU.ActiveCfg = Release|Any CPU
		{12A61508-0D25-40A5-8D46-FC2DEBB7F6B0}.Release|Any CPU.Build.0 = Release|Any CPU
	EndGlobalSection
	GlobalSection(SolutionProperties) = preSolution
		HideSolutionNode = FALSE
	EndGlobalSection
	GlobalSection(ExtensibilityGlobals) = postSolution
		SolutionGuid = {133EEC3D-43C4-4E1B-BA43-7C3EE4AB9ECD}
	EndGlobalSection
EndGlobal
